
Microsoft Visual Studio Solution File, Format Version 12.00
# Visual Studio Version 17
VisualStudioVersion = 17.2.32616.157
MinimumVisualStudioVersion = 10.0.40219.1
Project("{FAE04EC0-301F-11D3-BF4B-00C04F79EFBC}") = "WEF.NoSql", "WEF.NoSql\WEF.NoSql.csproj", "{2B45A9ED-D323-4DD7-95DA-34066C226AFF}"
EndProject
Project("{FAE04EC0-301F-11D3-BF4B-00C04F79EFBC}") = "WEF.NoSqlTest", "WEF.NoSqlTest\WEF.NoSqlTest.csproj", "{9F3C9523-86EA-4EC1-B656-6E9E2265F0E4}"
EndProject
Project("{FAE04EC0-301F-11D3-BF4B-00C04F79EFBC}") = "WEF.ModelGenerator", "ModelGenerator\WEF.ModelGenerator.csproj", "{D618886E-5057-4B75-9E13-6FC75371718A}"
EndProject
Project("{9A19103F-16F7-4668-BE54-9A1E7A4F7556}") = "WEF.Standard", "WEF.Standard\WEF.Standard.csproj", "{BFA7E11E-9293-40F4-BCEA-40888D29BFFB}"
EndProject
Project("{9A19103F-16F7-4668-BE54-9A1E7A4F7556}") = "WEF.Standard.MSSQL", "WEF.Standard.MSSQL\WEF.Standard.MSSQL.csproj", "{1D5BCAAA-472E-4710-86EA-2AA67B7685C9}"
EndProject
Project("{9A19103F-16F7-4668-BE54-9A1E7A4F7556}") = "WEF.Standard.MySQL", "WEF.Standard.MySQL\WEF.Standard.MySQL.csproj", "{B1EBDEB8-E6F6-4B1B-ADA6-757CF61FA688}"
EndProject
Project("{9A19103F-16F7-4668-BE54-9A1E7A4F7556}") = "WEF.Standard.Oracle", "WEF.Standard.Oracle\WEF.Standard.Oracle.csproj", "{7B71D1CE-698B-4840-9EBA-C1AADFFC7028}"
EndProject
Project("{9A19103F-16F7-4668-BE54-9A1E7A4F7556}") = "WEF.Standard.Postgre", "WEF.Standard.Postgre\WEF.Standard.Postgre.csproj", "{42727823-F5FD-44C4-9483-32DCC20D9E27}"
EndProject
Project("{9A19103F-16F7-4668-BE54-9A1E7A4F7556}") = "WEF.Standard.SQLite", "WEF.Standard.SQLite\WEF.Standard.SQLite.csproj", "{A31AF5CC-4312-4551-BECD-C77C1CC8117A}"
EndProject
Project("{9A19103F-16F7-4668-BE54-9A1E7A4F7556}") = "WEF.Standard.OLEDB", "WEF.Standard.OLEDB\WEF.Standard.OLEDB.csproj", "{5D9DB26D-BB45-4DEA-B270-F5E2E5E34ADE}"
EndProject
Project("{9A19103F-16F7-4668-BE54-9A1E7A4F7556}") = "WEF.Standard.Test", "WEF.Standard.Test\WEF.Standard.Test.csproj", "{D2FA0AFF-742C-4503-87E7-A304AF3B271C}"
EndProject
Project("{FAE04EC0-301F-11D3-BF4B-00C04F79EFBC}") = "WEF.Standard.Mongo", "WEF.Standard.Mongo\WEF.Standard.Mongo.csproj", "{57D02BFE-0537-401C-BB2C-CCED29E673DB}"
EndProject
Global
	GlobalSection(SolutionConfigurationPlatforms) = preSolution
		Debug|Any CPU = Debug|Any CPU
		Release|Any CPU = Release|Any CPU
	EndGlobalSection
	GlobalSection(ProjectConfigurationPlatforms) = postSolution
		{2B45A9ED-D323-4DD7-95DA-34066C226AFF}.Debug|Any CPU.ActiveCfg = Debug|Any CPU
		{2B45A9ED-D323-4DD7-95DA-34066C226AFF}.Debug|Any CPU.Build.0 = Debug|Any CPU
		{2B45A9ED-D323-4DD7-95DA-34066C226AFF}.Release|Any CPU.ActiveCfg = Release|Any CPU
		{2B45A9ED-D323-4DD7-95DA-34066C226AFF}.Release|Any CPU.Build.0 = Release|Any CPU
		{9F3C9523-86EA-4EC1-B656-6E9E2265F0E4}.Debug|Any CPU.ActiveCfg = Debug|Any CPU
		{9F3C9523-86EA-4EC1-B656-6E9E2265F0E4}.Debug|Any CPU.Build.0 = Debug|Any CPU
		{9F3C9523-86EA-4EC1-B656-6E9E2265F0E4}.Release|Any CPU.ActiveCfg = Release|Any CPU
		{9F3C9523-86EA-4EC1-B656-6E9E2265F0E4}.Release|Any CPU.Build.0 = Release|Any CPU
		{D618886E-5057-4B75-9E13-6FC75371718A}.Debug|Any CPU.ActiveCfg = Debug|Any CPU
		{D618886E-5057-4B75-9E13-6FC75371718A}.Debug|Any CPU.Build.0 = Debug|Any CPU
		{D618886E-5057-4B75-9E13-6FC75371718A}.Release|Any CPU.ActiveCfg = Release|Any CPU
		{D618886E-5057-4B75-9E13-6FC75371718A}.Release|Any CPU.Build.0 = Release|Any CPU
		{BFA7E11E-9293-40F4-BCEA-40888D29BFFB}.Debug|Any CPU.ActiveCfg = Debug|Any CPU
		{BFA7E11E-9293-40F4-BCEA-40888D29BFFB}.Debug|Any CPU.Build.0 = Debug|Any CPU
		{BFA7E11E-9293-40F4-BCEA-40888D29BFFB}.Release|Any CPU.ActiveCfg = Release|Any CPU
		{BFA7E11E-9293-40F4-BCEA-40888D29BFFB}.Release|Any CPU.Build.0 = Release|Any CPU
		{1D5BCAAA-472E-4710-86EA-2AA67B7685C9}.Debug|Any CPU.ActiveCfg = Debug|Any CPU
		{1D5BCAAA-472E-4710-86EA-2AA67B7685C9}.Debug|Any CPU.Build.0 = Debug|Any CPU
		{1D5BCAAA-472E-4710-86EA-2AA67B7685C9}.Release|Any CPU.ActiveCfg = Release|Any CPU
		{1D5BCAAA-472E-4710-86EA-2AA67B7685C9}.Release|Any CPU.Build.0 = Release|Any CPU
		{B1EBDEB8-E6F6-4B1B-ADA6-757CF61FA688}.Debug|Any CPU.ActiveCfg = Debug|Any CPU
		{B1EBDEB8-E6F6-4B1B-ADA6-757CF61FA688}.Debug|Any CPU.Build.0 = Debug|Any CPU
		{B1EBDEB8-E6F6-4B1B-ADA6-757CF61FA688}.Release|Any CPU.ActiveCfg = Release|Any CPU
		{B1EBDEB8-E6F6-4B1B-ADA6-757CF61FA688}.Release|Any CPU.Build.0 = Release|Any CPU
		{7B71D1CE-698B-4840-9EBA-C1AADFFC7028}.Debug|Any CPU.ActiveCfg = Debug|Any CPU
		{7B71D1CE-698B-4840-9EBA-C1AADFFC7028}.Debug|Any CPU.Build.0 = Debug|Any CPU
		{7B71D1CE-698B-4840-9EBA-C1AADFFC7028}.Release|Any CPU.ActiveCfg = Release|Any CPU
		{7B71D1CE-698B-4840-9EBA-C1AADFFC7028}.Release|Any CPU.Build.0 = Release|Any CPU
		{42727823-F5FD-44C4-9483-32DCC20D9E27}.Debug|Any CPU.ActiveCfg = Debug|Any CPU
		{42727823-F5FD-44C4-9483-32DCC20D9E27}.Debug|Any CPU.Build.0 = Debug|Any CPU
		{42727823-F5FD-44C4-9483-32DCC20D9E27}.Release|Any CPU.ActiveCfg = Release|Any CPU
		{42727823-F5FD-44C4-9483-32DCC20D9E27}.Release|Any CPU.Build.0 = Release|Any CPU
		{A31AF5CC-4312-4551-BECD-C77C1CC8117A}.Debug|Any CPU.ActiveCfg = Debug|Any CPU
		{A31AF5CC-4312-4551-BECD-C77C1CC8117A}.Debug|Any CPU.Build.0 = Debug|Any CPU
		{A31AF5CC-4312-4551-BECD-C77C1CC8117A}.Release|Any CPU.ActiveCfg = Release|Any CPU
		{A31AF5CC-4312-4551-BECD-C77C1CC8117A}.Release|Any CPU.Build.0 = Release|Any CPU
		{5D9DB26D-BB45-4DEA-B270-F5E2E5E34ADE}.Debug|Any CPU.ActiveCfg = Debug|Any CPU
		{5D9DB26D-BB45-4DEA-B270-F5E2E5E34ADE}.Debug|Any CPU.Build.0 = Debug|Any CPU
		{5D9DB26D-BB45-4DEA-B270-F5E2E5E34ADE}.Release|Any CPU.ActiveCfg = Release|Any CPU
		{5D9DB26D-BB45-4DEA-B270-F5E2E5E34ADE}.Release|Any CPU.Build.0 = Release|Any CPU
		{D2FA0AFF-742C-4503-87E7-A304AF3B271C}.Debug|Any CPU.ActiveCfg = Debug|Any CPU
		{D2FA0AFF-742C-4503-87E7-A304AF3B271C}.Debug|Any CPU.Build.0 = Debug|Any CPU
		{D2FA0AFF-742C-4503-87E7-A304AF3B271C}.Release|Any CPU.ActiveCfg = Release|Any CPU
		{D2FA0AFF-742C-4503-87E7-A304AF3B271C}.Release|Any CPU.Build.0 = Release|Any CPU
		{57D02BFE-0537-401C-BB2C-CCED29E673DB}.Debug|Any CPU.ActiveCfg = Debug|Any CPU
		{57D02BFE-0537-401C-BB2C-CCED29E673DB}.Debug|Any CPU.Build.0 = Debug|Any CPU
		{57D02BFE-0537-401C-BB2C-CCED29E673DB}.Release|Any CPU.ActiveCfg = Release|Any CPU
		{57D02BFE-0537-401C-BB2C-CCED29E673DB}.Release|Any CPU.Build.0 = Release|Any CPU
	EndGlobalSection
	GlobalSection(SolutionProperties) = preSolution
		HideSolutionNode = FALSE
	EndGlobalSection
	GlobalSection(ExtensibilityGlobals) = postSolution
		SolutionGuid = {4F915942-A4A1-415C-9D8F-B933DB77F7D9}
	EndGlobalSection
EndGlobal
