
Microsoft Visual Studio Solution File, Format Version 12.00
# Visual Studio 2012
Project("{FAE04EC0-301F-11D3-BF4B-00C04F79EFBC}") = "WEF", "WEF\WEF.csproj", "{6898486B-BD52-4ADD-9BB1-C397349BE2FD}"
EndProject
Project("{FAE04EC0-301F-11D3-BF4B-00C04F79EFBC}") = "WEF.ModelGenerator", "ModelGenerator\WEF.ModelGenerator.csproj", "{D618886E-5057-4B75-9E13-6FC75371718A}"
EndProject
Project("{FAE04EC0-301F-11D3-BF4B-00C04F79EFBC}") = "WEF.Test", "WEF.Test\WEF.Test.csproj", "{A17352CA-988A-4A15-92C0-3EA444803BC4}"
EndProject
Global
	GlobalSection(SubversionScc) = preSolution
		Svn-Managed = True
		Manager = AnkhSVN - Subversion Support for Visual Studio
	EndGlobalSection
	GlobalSection(SolutionConfigurationPlatforms) = preSolution
		Debug|Any CPU = Debug|Any CPU
		Release|Any CPU = Release|Any CPU
	EndGlobalSection
	GlobalSection(ProjectConfigurationPlatforms) = postSolution
		{6898486B-BD52-4ADD-9BB1-C397349BE2FD}.Debug|Any CPU.ActiveCfg = Debug|Any CPU
		{6898486B-BD52-4ADD-9BB1-C397349BE2FD}.Debug|Any CPU.Build.0 = Debug|Any CPU
		{6898486B-BD52-4ADD-9BB1-C397349BE2FD}.Release|Any CPU.ActiveCfg = Release|Any CPU
		{6898486B-BD52-4ADD-9BB1-C397349BE2FD}.Release|Any CPU.Build.0 = Release|Any CPU
		{D618886E-5057-4B75-9E13-6FC75371718A}.Debug|Any CPU.ActiveCfg = Debug|Any CPU
		{D618886E-5057-4B75-9E13-6FC75371718A}.Debug|Any CPU.Build.0 = Debug|Any CPU
		{D618886E-5057-4B75-9E13-6FC75371718A}.Release|Any CPU.ActiveCfg = Release|Any CPU
		{D618886E-5057-4B75-9E13-6FC75371718A}.Release|Any CPU.Build.0 = Release|Any CPU
		{A17352CA-988A-4A15-92C0-3EA444803BC4}.Debug|Any CPU.ActiveCfg = Debug|Any CPU
		{A17352CA-988A-4A15-92C0-3EA444803BC4}.Debug|Any CPU.Build.0 = Debug|Any CPU
		{A17352CA-988A-4A15-92C0-3EA444803BC4}.Release|Any CPU.ActiveCfg = Release|Any CPU
		{A17352CA-988A-4A15-92C0-3EA444803BC4}.Release|Any CPU.Build.0 = Release|Any CPU
	EndGlobalSection
	GlobalSection(SolutionProperties) = preSolution
		HideSolutionNode = FALSE
	EndGlobalSection
EndGlobal
