
Microsoft Visual Studio Solution File, Format Version 12.00
# Visual Studio Version 17
VisualStudioVersion = 17.11.35222.181
MinimumVisualStudioVersion = 10.0.40219.1
Project("{FAE04EC0-301F-11D3-BF4B-00C04F79EFBC}") = "WEF.ModelGenerator", "WEF.ModelGenerator.csproj", "{D618886E-5057-4B75-9E13-6FC75371718A}"
EndProject
Global
	GlobalSection(SolutionConfigurationPlatforms) = preSolution
		Debug|Any CPU = Debug|Any CPU
		Release|Any CPU = Release|Any CPU
	EndGlobalSection
	GlobalSection(ProjectConfigurationPlatforms) = postSolution
		{D618886E-5057-4B75-9E13-6FC75371718A}.Debug|Any CPU.ActiveCfg = Debug|Any CPU
		{D618886E-5057-4B75-9E13-6FC75371718A}.Debug|Any CPU.Build.0 = Debug|Any CPU
		{D618886E-5057-4B75-9E13-6FC75371718A}.Release|Any CPU.ActiveCfg = Release|Any CPU
		{D618886E-5057-4B75-9E13-6FC75371718A}.Release|Any CPU.Build.0 = Release|Any CPU
	EndGlobalSection
	GlobalSection(SolutionProperties) = preSolution
		HideSolutionNode = FALSE
	EndGlobalSection
	GlobalSection(ExtensibilityGlobals) = postSolution
		SolutionGuid = {903CB660-7B27-434A-8F73-6A0452A04803}
	EndGlobalSection
EndGlobal
